
Microsoft Visual Studio Solution File, Format Version 12.00
# Visual Studio 14
VisualStudioVersion = 14.0.25420.1
MinimumVisualStudioVersion = 10.0.40219.1
Project("{FAE04EC0-301F-11D3-BF4B-00C04F79EFBC}") = "MusicStoreApp.Client", "MusicStoreApp.Client\MusicStoreApp.Client.csproj", "{67C3D9A7-4612-4E52-955E-9D52B0244309}"
EndProject
Project("{FAE04EC0-301F-11D3-BF4B-00C04F79EFBC}") = "MusicStore.Entities", "MusicStore.Entities\MusicStore.Entities.csproj", "{458F2E0E-21D6-4FCC-9707-1F94C2200D53}"
EndProject
Project("{FAE04EC0-301F-11D3-BF4B-00C04F79EFBC}") = "MusicStore.DataAccess", "MusicStore.DataAccess\MusicStore.DataAccess.csproj", "{2302E5AA-939A-47E0-BFFD-B47B068378D1}"
EndProject
Project("{FAE04EC0-301F-11D3-BF4B-00C04F79EFBC}") = "MusicStore.Service", "MusicStore.Service\MusicStore.Service.csproj", "{9B46F54F-7B4F-48D1-8C92-8EF333BA7B6D}"
EndProject
Project("{FAE04EC0-301F-11D3-BF4B-00C04F79EFBC}") = "MusicStoreApp.UI", "MusicStoreApp.UI\MusicStoreApp.UI.csproj", "{1B652B97-A933-49EB-827F-8E7E7EFE0B2A}"
EndProject
Project("{FAE04EC0-301F-11D3-BF4B-00C04F79EFBC}") = "MusicStoreApp.Model", "MusicStoreApp.Model\MusicStoreApp.Model.csproj", "{AA125377-96DB-4A33-9AD2-0F6EE499C7B9}"
EndProject
Project("{FAE04EC0-301F-11D3-BF4B-00C04F79EFBC}") = "MusicStoreApp.Utils", "MusicStoreApp.Utils\MusicStoreApp.Utils.csproj", "{CD4B1057-3954-4E34-916B-A151D81E6275}"
EndProject
Global
	GlobalSection(SolutionConfigurationPlatforms) = preSolution
		Debug|Any CPU = Debug|Any CPU
		Release|Any CPU = Release|Any CPU
	EndGlobalSection
	GlobalSection(ProjectConfigurationPlatforms) = postSolution
		{67C3D9A7-4612-4E52-955E-9D52B0244309}.Debug|Any CPU.ActiveCfg = Debug|Any CPU
		{67C3D9A7-4612-4E52-955E-9D52B0244309}.Debug|Any CPU.Build.0 = Debug|Any CPU
		{67C3D9A7-4612-4E52-955E-9D52B0244309}.Release|Any CPU.ActiveCfg = Release|Any CPU
		{67C3D9A7-4612-4E52-955E-9D52B0244309}.Release|Any CPU.Build.0 = Release|Any CPU
		{458F2E0E-21D6-4FCC-9707-1F94C2200D53}.Debug|Any CPU.ActiveCfg = Debug|Any CPU
		{458F2E0E-21D6-4FCC-9707-1F94C2200D53}.Debug|Any CPU.Build.0 = Debug|Any CPU
		{458F2E0E-21D6-4FCC-9707-1F94C2200D53}.Release|Any CPU.ActiveCfg = Release|Any CPU
		{458F2E0E-21D6-4FCC-9707-1F94C2200D53}.Release|Any CPU.Build.0 = Release|Any CPU
		{2302E5AA-939A-47E0-BFFD-B47B068378D1}.Debug|Any CPU.ActiveCfg = Debug|Any CPU
		{2302E5AA-939A-47E0-BFFD-B47B068378D1}.Debug|Any CPU.Build.0 = Debug|Any CPU
		{2302E5AA-939A-47E0-BFFD-B47B068378D1}.Release|Any CPU.ActiveCfg = Release|Any CPU
		{2302E5AA-939A-47E0-BFFD-B47B068378D1}.Release|Any CPU.Build.0 = Release|Any CPU
		{9B46F54F-7B4F-48D1-8C92-8EF333BA7B6D}.Debug|Any CPU.ActiveCfg = Debug|Any CPU
		{9B46F54F-7B4F-48D1-8C92-8EF333BA7B6D}.Debug|Any CPU.Build.0 = Debug|Any CPU
		{9B46F54F-7B4F-48D1-8C92-8EF333BA7B6D}.Release|Any CPU.ActiveCfg = Release|Any CPU
		{9B46F54F-7B4F-48D1-8C92-8EF333BA7B6D}.Release|Any CPU.Build.0 = Release|Any CPU
		{1B652B97-A933-49EB-827F-8E7E7EFE0B2A}.Debug|Any CPU.ActiveCfg = Debug|Any CPU
		{1B652B97-A933-49EB-827F-8E7E7EFE0B2A}.Debug|Any CPU.Build.0 = Debug|Any CPU
		{1B652B97-A933-49EB-827F-8E7E7EFE0B2A}.Release|Any CPU.ActiveCfg = Release|Any CPU
		{1B652B97-A933-49EB-827F-8E7E7EFE0B2A}.Release|Any CPU.Build.0 = Release|Any CPU
		{AA125377-96DB-4A33-9AD2-0F6EE499C7B9}.Debug|Any CPU.ActiveCfg = Debug|Any CPU
		{AA125377-96DB-4A33-9AD2-0F6EE499C7B9}.Debug|Any CPU.Build.0 = Debug|Any CPU
		{AA125377-96DB-4A33-9AD2-0F6EE499C7B9}.Release|Any CPU.ActiveCfg = Release|Any CPU
		{AA125377-96DB-4A33-9AD2-0F6EE499C7B9}.Release|Any CPU.Build.0 = Release|Any CPU
		{CD4B1057-3954-4E34-916B-A151D81E6275}.Debug|Any CPU.ActiveCfg = Debug|Any CPU
		{CD4B1057-3954-4E34-916B-A151D81E6275}.Debug|Any CPU.Build.0 = Debug|Any CPU
		{CD4B1057-3954-4E34-916B-A151D81E6275}.Release|Any CPU.ActiveCfg = Release|Any CPU
		{CD4B1057-3954-4E34-916B-A151D81E6275}.Release|Any CPU.Build.0 = Release|Any CPU
	EndGlobalSection
	GlobalSection(SolutionProperties) = preSolution
		HideSolutionNode = FALSE
	EndGlobalSection
EndGlobal
